// !$*UTF8*$!
{
	archiveVersion = 1;
	classes = {
	};
	objectVersion = 55;
	objects = {

/* Begin PBXBuildFile section */
		D135463C28563D2700154D16 /* OtusIOSHW1App.swift in Sources */ = {isa = PBXBuildFile; fileRef = D135463B28563D2700154D16 /* OtusIOSHW1App.swift */; };
		D135463E28563D2700154D16 /* ContentView.swift in Sources */ = {isa = PBXBuildFile; fileRef = D135463D28563D2700154D16 /* ContentView.swift */; };
		D135464028563D2900154D16 /* Assets.xcassets in Resources */ = {isa = PBXBuildFile; fileRef = D135463F28563D2900154D16 /* Assets.xcassets */; };
		D135464328563D2900154D16 /* Preview Assets.xcassets in Resources */ = {isa = PBXBuildFile; fileRef = D135464228563D2900154D16 /* Preview Assets.xcassets */; };
		D135464B28563D5700154D16 /* HomeScreen.swift in Sources */ = {isa = PBXBuildFile; fileRef = D135464A28563D5700154D16 /* HomeScreen.swift */; };
		D135464E28563DD200154D16 /* Tab1View.swift in Sources */ = {isa = PBXBuildFile; fileRef = D135464D28563DD200154D16 /* Tab1View.swift */; };
		D135465028563DDB00154D16 /* Tab2View.swift in Sources */ = {isa = PBXBuildFile; fileRef = D135464F28563DDB00154D16 /* Tab2View.swift */; };
		D135465228563DE200154D16 /* Tab3View.swift in Sources */ = {isa = PBXBuildFile; fileRef = D135465128563DE200154D16 /* Tab3View.swift */; };
		D135465528563DFA00154D16 /* HomeViewModel.swift in Sources */ = {isa = PBXBuildFile; fileRef = D135465428563DFA00154D16 /* HomeViewModel.swift */; };
		D135465828563FC200154D16 /* Book.swift in Sources */ = {isa = PBXBuildFile; fileRef = D135465728563FC200154D16 /* Book.swift */; };
		D135465A2856418C00154D16 /* BookView.swift in Sources */ = {isa = PBXBuildFile; fileRef = D13546592856418C00154D16 /* BookView.swift */; };
		D13546612856462900154D16 /* UIComponents in Frameworks */ = {isa = PBXBuildFile; productRef = D13546602856462900154D16 /* UIComponents */; };
/* End PBXBuildFile section */

/* Begin PBXFileReference section */
		D135463828563D2700154D16 /* OtusIOSHW1.app */ = {isa = PBXFileReference; explicitFileType = wrapper.application; includeInIndex = 0; path = OtusIOSHW1.app; sourceTree = BUILT_PRODUCTS_DIR; };
		D135463B28563D2700154D16 /* OtusIOSHW1App.swift */ = {isa = PBXFileReference; lastKnownFileType = sourcecode.swift; path = OtusIOSHW1App.swift; sourceTree = "<group>"; };
		D135463D28563D2700154D16 /* ContentView.swift */ = {isa = PBXFileReference; lastKnownFileType = sourcecode.swift; path = ContentView.swift; sourceTree = "<group>"; };
		D135463F28563D2900154D16 /* Assets.xcassets */ = {isa = PBXFileReference; lastKnownFileType = folder.assetcatalog; path = Assets.xcassets; sourceTree = "<group>"; };
		D135464228563D2900154D16 /* Preview Assets.xcassets */ = {isa = PBXFileReference; lastKnownFileType = folder.assetcatalog; path = "Preview Assets.xcassets"; sourceTree = "<group>"; };
		D135464A28563D5700154D16 /* HomeScreen.swift */ = {isa = PBXFileReference; lastKnownFileType = sourcecode.swift; path = HomeScreen.swift; sourceTree = "<group>"; };
		D135464D28563DD200154D16 /* Tab1View.swift */ = {isa = PBXFileReference; lastKnownFileType = sourcecode.swift; path = Tab1View.swift; sourceTree = "<group>"; };
		D135464F28563DDB00154D16 /* Tab2View.swift */ = {isa = PBXFileReference; lastKnownFileType = sourcecode.swift; path = Tab2View.swift; sourceTree = "<group>"; };
		D135465128563DE200154D16 /* Tab3View.swift */ = {isa = PBXFileReference; lastKnownFileType = sourcecode.swift; path = Tab3View.swift; sourceTree = "<group>"; };
		D135465428563DFA00154D16 /* HomeViewModel.swift */ = {isa = PBXFileReference; lastKnownFileType = sourcecode.swift; path = HomeViewModel.swift; sourceTree = "<group>"; };
		D135465728563FC200154D16 /* Book.swift */ = {isa = PBXFileReference; lastKnownFileType = sourcecode.swift; path = Book.swift; sourceTree = "<group>"; };
		D13546592856418C00154D16 /* BookView.swift */ = {isa = PBXFileReference; lastKnownFileType = sourcecode.swift; path = BookView.swift; sourceTree = "<group>"; };
		D135465E285645E000154D16 /* UIComponents */ = {isa = PBXFileReference; lastKnownFileType = wrapper; path = UIComponents; sourceTree = "<group>"; };
/* End PBXFileReference section */

/* Begin PBXFrameworksBuildPhase section */
		D135463528563D2700154D16 /* Frameworks */ = {
			isa = PBXFrameworksBuildPhase;
			buildActionMask = 2147483647;
			files = (
				D13546612856462900154D16 /* UIComponents in Frameworks */,
			);
			runOnlyForDeploymentPostprocessing = 0;
		};
/* End PBXFrameworksBuildPhase section */

/* Begin PBXGroup section */
		D135462F28563D2700154D16 = {
			isa = PBXGroup;
			children = (
				D135465D285645E000154D16 /* Packages */,
				D135463A28563D2700154D16 /* OtusIOSHW1 */,
				D135463928563D2700154D16 /* Products */,
				D135465F2856462900154D16 /* Frameworks */,
			);
			sourceTree = "<group>";
		};
		D135463928563D2700154D16 /* Products */ = {
			isa = PBXGroup;
			children = (
				D135463828563D2700154D16 /* OtusIOSHW1.app */,
			);
			name = Products;
			sourceTree = "<group>";
		};
		D135463A28563D2700154D16 /* OtusIOSHW1 */ = {
			isa = PBXGroup;
			children = (
				D135465628563FB900154D16 /* Model */,
				D135465328563DEC00154D16 /* ViewModel */,
				D135464928563D4400154D16 /* View */,
				D135463B28563D2700154D16 /* OtusIOSHW1App.swift */,
				D135463D28563D2700154D16 /* ContentView.swift */,
				D135463F28563D2900154D16 /* Assets.xcassets */,
				D135464128563D2900154D16 /* Preview Content */,
			);
			path = OtusIOSHW1;
			sourceTree = "<group>";
		};
		D135464128563D2900154D16 /* Preview Content */ = {
			isa = PBXGroup;
			children = (
				D135464228563D2900154D16 /* Preview Assets.xcassets */,
			);
			path = "Preview Content";
			sourceTree = "<group>";
		};
		D135464928563D4400154D16 /* View */ = {
			isa = PBXGroup;
			children = (
				D135464C28563DC600154D16 /* Tabs */,
				D13546592856418C00154D16 /* BookView.swift */,
				D135464A28563D5700154D16 /* HomeScreen.swift */,
			);
			path = View;
			sourceTree = "<group>";
		};
		D135464C28563DC600154D16 /* Tabs */ = {
			isa = PBXGroup;
			children = (
				D135464D28563DD200154D16 /* Tab1View.swift */,
				D135464F28563DDB00154D16 /* Tab2View.swift */,
				D135465128563DE200154D16 /* Tab3View.swift */,
			);
			path = Tabs;
			sourceTree = "<group>";
		};
		D135465328563DEC00154D16 /* ViewModel */ = {
			isa = PBXGroup;
			children = (
				D135465428563DFA00154D16 /* HomeViewModel.swift */,
			);
			path = ViewModel;
			sourceTree = "<group>";
		};
		D135465628563FB900154D16 /* Model */ = {
			isa = PBXGroup;
			children = (
				D135465728563FC200154D16 /* Book.swift */,
			);
			path = Model;
			sourceTree = "<group>";
		};
		D135465D285645E000154D16 /* Packages */ = {
			isa = PBXGroup;
			children = (
				D135465E285645E000154D16 /* UIComponents */,
			);
			name = Packages;
			sourceTree = "<group>";
		};
		D135465F2856462900154D16 /* Frameworks */ = {
			isa = PBXGroup;
			children = (
			);
			name = Frameworks;
			sourceTree = "<group>";
		};
/* End PBXGroup section */

/* Begin PBXNativeTarget section */
		D135463728563D2700154D16 /* OtusIOSHW1 */ = {
			isa = PBXNativeTarget;
			buildConfigurationList = D135464628563D2900154D16 /* Build configuration list for PBXNativeTarget "OtusIOSHW1" */;
			buildPhases = (
				D135463428563D2700154D16 /* Sources */,
				D135463528563D2700154D16 /* Frameworks */,
				D135463628563D2700154D16 /* Resources */,
			);
			buildRules = (
			);
			dependencies = (
			);
			name = OtusIOSHW1;
			packageProductDependencies = (
				D13546602856462900154D16 /* UIComponents */,
			);
			productName = OtusIOSHW1;
			productReference = D135463828563D2700154D16 /* OtusIOSHW1.app */;
			productType = "com.apple.product-type.application";
		};
/* End PBXNativeTarget section */

/* Begin PBXProject section */
		D135463028563D2700154D16 /* Project object */ = {
			isa = PBXProject;
			attributes = {
				BuildIndependentTargetsInParallel = 1;
				LastSwiftUpdateCheck = 1340;
				LastUpgradeCheck = 1340;
				TargetAttributes = {
					D135463728563D2700154D16 = {
						CreatedOnToolsVersion = 13.4.1;
					};
				};
			};
			buildConfigurationList = D135463328563D2700154D16 /* Build configuration list for PBXProject "OtusIOSHW1" */;
			compatibilityVersion = "Xcode 13.0";
			developmentRegion = en;
			hasScannedForEncodings = 0;
			knownRegions = (
				en,
				Base,
			);
			mainGroup = D135462F28563D2700154D16;
			productRefGroup = D135463928563D2700154D16 /* Products */;
			projectDirPath = "";
			projectRoot = "";
			targets = (
				D135463728563D2700154D16 /* OtusIOSHW1 */,
			);
		};
/* End PBXProject section */

/* Begin PBXResourcesBuildPhase section */
		D135463628563D2700154D16 /* Resources */ = {
			isa = PBXResourcesBuildPhase;
			buildActionMask = 2147483647;
			files = (
				D135464328563D2900154D16 /* Preview Assets.xcassets in Resources */,
				D135464028563D2900154D16 /* Assets.xcassets in Resources */,
			);
			runOnlyForDeploymentPostprocessing = 0;
		};
/* End PBXResourcesBuildPhase section */

/* Begin PBXSourcesBuildPhase section */
		D135463428563D2700154D16 /* Sources */ = {
			isa = PBXSourcesBuildPhase;
			buildActionMask = 2147483647;
			files = (
				D135465A2856418C00154D16 /* BookView.swift in Sources */,
				D135465828563FC200154D16 /* Book.swift in Sources */,
				D135465228563DE200154D16 /* Tab3View.swift in Sources */,
				D135464E28563DD200154D16 /* Tab1View.swift in Sources */,
				D135465528563DFA00154D16 /* HomeViewModel.swift in Sources */,
				D135463E28563D2700154D16 /* ContentView.swift in Sources */,
				D135463C28563D2700154D16 /* OtusIOSHW1App.swift in Sources */,
				D135464B28563D5700154D16 /* HomeScreen.swift in Sources */,
				D135465028563DDB00154D16 /* Tab2View.swift in Sources */,
			);
			runOnlyForDeploymentPostprocessing = 0;
		};
/* End PBXSourcesBuildPhase section */

/* Begin XCBuildConfiguration section */
		D135464428563D2900154D16 /* Debug */ = {
			isa = XCBuildConfiguration;
			buildSettings = {
				ALWAYS_SEARCH_USER_PATHS = NO;
				CLANG_ANALYZER_NONNULL = YES;
				CLANG_ANALYZER_NUMBER_OBJECT_CONVERSION = YES_AGGRESSIVE;
				CLANG_CXX_LANGUAGE_STANDARD = "gnu++17";
				CLANG_ENABLE_MODULES = YES;
				CLANG_ENABLE_OBJC_ARC = YES;
				CLANG_ENABLE_OBJC_WEAK = YES;
				CLANG_WARN_BLOCK_CAPTURE_AUTORELEASING = YES;
				CLANG_WARN_BOOL_CONVERSION = YES;
				CLANG_WARN_COMMA = YES;
				CLANG_WARN_CONSTANT_CONVERSION = YES;
				CLANG_WARN_DEPRECATED_OBJC_IMPLEMENTATIONS = YES;
				CLANG_WARN_DIRECT_OBJC_ISA_USAGE = YES_ERROR;
				CLANG_WARN_DOCUMENTATION_COMMENTS = YES;
				CLANG_WARN_EMPTY_BODY = YES;
				CLANG_WARN_ENUM_CONVERSION = YES;
				CLANG_WARN_INFINITE_RECURSION = YES;
				CLANG_WARN_INT_CONVERSION = YES;
				CLANG_WARN_NON_LITERAL_NULL_CONVERSION = YES;
				CLANG_WARN_OBJC_IMPLICIT_RETAIN_SELF = YES;
				CLANG_WARN_OBJC_LITERAL_CONVERSION = YES;
				CLANG_WARN_OBJC_ROOT_CLASS = YES_ERROR;
				CLANG_WARN_QUOTED_INCLUDE_IN_FRAMEWORK_HEADER = YES;
				CLANG_WARN_RANGE_LOOP_ANALYSIS = YES;
				CLANG_WARN_STRICT_PROTOTYPES = YES;
				CLANG_WARN_SUSPICIOUS_MOVE = YES;
				CLANG_WARN_UNGUARDED_AVAILABILITY = YES_AGGRESSIVE;
				CLANG_WARN_UNREACHABLE_CODE = YES;
				CLANG_WARN__DUPLICATE_METHOD_MATCH = YES;
				COPY_PHASE_STRIP = NO;
				DEBUG_INFORMATION_FORMAT = dwarf;
				ENABLE_STRICT_OBJC_MSGSEND = YES;
				ENABLE_TESTABILITY = YES;
				GCC_C_LANGUAGE_STANDARD = gnu11;
				GCC_DYNAMIC_NO_PIC = NO;
				GCC_NO_COMMON_BLOCKS = YES;
				GCC_OPTIMIZATION_LEVEL = 0;
				GCC_PREPROCESSOR_DEFINITIONS = (
					"DEBUG=1",
					"$(inherited)",
				);
				GCC_WARN_64_TO_32_BIT_CONVERSION = YES;
				GCC_WARN_ABOUT_RETURN_TYPE = YES_ERROR;
				GCC_WARN_UNDECLARED_SELECTOR = YES;
				GCC_WARN_UNINITIALIZED_AUTOS = YES_AGGRESSIVE;
				GCC_WARN_UNUSED_FUNCTION = YES;
				GCC_WARN_UNUSED_VARIABLE = YES;
				IPHONEOS_DEPLOYMENT_TARGET = 15.5;
				MTL_ENABLE_DEBUG_INFO = INCLUDE_SOURCE;
				MTL_FAST_MATH = YES;
				ONLY_ACTIVE_ARCH = YES;
				SDKROOT = iphoneos;
				SWIFT_ACTIVE_COMPILATION_CONDITIONS = DEBUG;
				SWIFT_OPTIMIZATION_LEVEL = "-Onone";
			};
			name = Debug;
		};
		D135464528563D2900154D16 /* Release */ = {
			isa = XCBuildConfiguration;
			buildSettings = {
				ALWAYS_SEARCH_USER_PATHS = NO;
				CLANG_ANALYZER_NONNULL = YES;
				CLANG_ANALYZER_NUMBER_OBJECT_CONVERSION = YES_AGGRESSIVE;
				CLANG_CXX_LANGUAGE_STANDARD = "gnu++17";
				CLANG_ENABLE_MODULES = YES;
				CLANG_ENABLE_OBJC_ARC = YES;
				CLANG_ENABLE_OBJC_WEAK = YES;
				CLANG_WARN_BLOCK_CAPTURE_AUTORELEASING = YES;
				CLANG_WARN_BOOL_CONVERSION = YES;
				CLANG_WARN_COMMA = YES;
				CLANG_WARN_CONSTANT_CONVERSION = YES;
				CLANG_WARN_DEPRECATED_OBJC_IMPLEMENTATIONS = YES;
				CLANG_WARN_DIRECT_OBJC_ISA_USAGE = YES_ERROR;
				CLANG_WARN_DOCUMENTATION_COMMENTS = YES;
				CLANG_WARN_EMPTY_BODY = YES;
				CLANG_WARN_ENUM_CONVERSION = YES;
				CLANG_WARN_INFINITE_RECURSION = YES;
				CLANG_WARN_INT_CONVERSION = YES;
				CLANG_WARN_NON_LITERAL_NULL_CONVERSION = YES;
				CLANG_WARN_OBJC_IMPLICIT_RETAIN_SELF = YES;
				CLANG_WARN_OBJC_LITERAL_CONVERSION = YES;
				CLANG_WARN_OBJC_ROOT_CLASS = YES_ERROR;
				CLANG_WARN_QUOTED_INCLUDE_IN_FRAMEWORK_HEADER = YES;
				CLANG_WARN_RANGE_LOOP_ANALYSIS = YES;
				CLANG_WARN_STRICT_PROTOTYPES = YES;
				CLANG_WARN_SUSPICIOUS_MOVE = YES;
				CLANG_WARN_UNGUARDED_AVAILABILITY = YES_AGGRESSIVE;
				CLANG_WARN_UNREACHABLE_CODE = YES;
				CLANG_WARN__DUPLICATE_METHOD_MATCH = YES;
				COPY_PHASE_STRIP = NO;
				DEBUG_INFORMATION_FORMAT = "dwarf-with-dsym";
				ENABLE_NS_ASSERTIONS = NO;
				ENABLE_STRICT_OBJC_MSGSEND = YES;
				GCC_C_LANGUAGE_STANDARD = gnu11;
				GCC_NO_COMMON_BLOCKS = YES;
				GCC_WARN_64_TO_32_BIT_CONVERSION = YES;
				GCC_WARN_ABOUT_RETURN_TYPE = YES_ERROR;
				GCC_WARN_UNDECLARED_SELECTOR = YES;
				GCC_WARN_UNINITIALIZED_AUTOS = YES_AGGRESSIVE;
				GCC_WARN_UNUSED_FUNCTION = YES;
				GCC_WARN_UNUSED_VARIABLE = YES;
				IPHONEOS_DEPLOYMENT_TARGET = 15.5;
				MTL_ENABLE_DEBUG_INFO = NO;
				MTL_FAST_MATH = YES;
				SDKROOT = iphoneos;
				SWIFT_COMPILATION_MODE = wholemodule;
				SWIFT_OPTIMIZATION_LEVEL = "-O";
				VALIDATE_PRODUCT = YES;
			};
			name = Release;
		};
		D135464728563D2900154D16 /* Debug */ = {
			isa = XCBuildConfiguration;
			buildSettings = {
				ASSETCATALOG_COMPILER_APPICON_NAME = AppIcon;
				ASSETCATALOG_COMPILER_GLOBAL_ACCENT_COLOR_NAME = AccentColor;
				CODE_SIGN_STYLE = Automatic;
				CURRENT_PROJECT_VERSION = 1;
				DEVELOPMENT_ASSET_PATHS = "\"OtusIOSHW1/Preview Content\"";
				DEVELOPMENT_TEAM = B62KKHJ7CU;
				ENABLE_PREVIEWS = YES;
				GENERATE_INFOPLIST_FILE = YES;
				INFOPLIST_KEY_UIApplicationSceneManifest_Generation = YES;
				INFOPLIST_KEY_UIApplicationSupportsIndirectInputEvents = YES;
				INFOPLIST_KEY_UILaunchScreen_Generation = YES;
				INFOPLIST_KEY_UISupportedInterfaceOrientations_iPad = "UIInterfaceOrientationPortrait UIInterfaceOrientationPortraitUpsideDown UIInterfaceOrientationLandscapeLeft UIInterfaceOrientationLandscapeRight";
				INFOPLIST_KEY_UISupportedInterfaceOrientations_iPhone = "UIInterfaceOrientationPortrait UIInterfaceOrientationLandscapeLeft UIInterfaceOrientationLandscapeRight";
				LD_RUNPATH_SEARCH_PATHS = (
					"$(inherited)",
					"@executable_path/Frameworks",
				);
				MARKETING_VERSION = 1.0;
				PRODUCT_BUNDLE_IDENTIFIER = ru.DIMDev.OtusIOSHW1;
				PRODUCT_NAME = "$(TARGET_NAME)";
				SWIFT_EMIT_LOC_STRINGS = YES;
				SWIFT_VERSION = 5.0;
				TARGETED_DEVICE_FAMILY = "1,2";
			};
			name = Debug;
		};
		D135464828563D2900154D16 /* Release */ = {
			isa = XCBuildConfiguration;
			buildSettings = {
				ASSETCATALOG_COMPILER_APPICON_NAME = AppIcon;
				ASSETCATALOG_COMPILER_GLOBAL_ACCENT_COLOR_NAME = AccentColor;
				CODE_SIGN_STYLE = Automatic;
				CURRENT_PROJECT_VERSION = 1;
				DEVELOPMENT_ASSET_PATHS = "\"OtusIOSHW1/Preview Content\"";
				DEVELOPMENT_TEAM = B62KKHJ7CU;
				ENABLE_PREVIEWS = YES;
				GENERATE_INFOPLIST_FILE = YES;
				INFOPLIST_KEY_UIApplicationSceneManifest_Generation = YES;
				INFOPLIST_KEY_UIApplicationSupportsIndirectInputEvents = YES;
				INFOPLIST_KEY_UILaunchScreen_Generation = YES;
				INFOPLIST_KEY_UISupportedInterfaceOrientations_iPad = "UIInterfaceOrientationPortrait UIInterfaceOrientationPortraitUpsideDown UIInterfaceOrientationLandscapeLeft UIInterfaceOrientationLandscapeRight";
				INFOPLIST_KEY_UISupportedInterfaceOrientations_iPhone = "UIInterfaceOrientationPortrait UIInterfaceOrientationLandscapeLeft UIInterfaceOrientationLandscapeRight";
				LD_RUNPATH_SEARCH_PATHS = (
					"$(inherited)",
					"@executable_path/Frameworks",
				);
				MARKETING_VERSION = 1.0;
				PRODUCT_BUNDLE_IDENTIFIER = ru.DIMDev.OtusIOSHW1;
				PRODUCT_NAME = "$(TARGET_NAME)";
				SWIFT_EMIT_LOC_STRINGS = YES;
				SWIFT_VERSION = 5.0;
				TARGETED_DEVICE_FAMILY = "1,2";
			};
			name = Release;
		};
/* End XCBuildConfiguration section */

/* Begin XCConfigurationList section */
		D135463328563D2700154D16 /* Build configuration list for PBXProject "OtusIOSHW1" */ = {
			isa = XCConfigurationList;
			buildConfigurations = (
				D135464428563D2900154D16 /* Debug */,
				D135464528563D2900154D16 /* Release */,
			);
			defaultConfigurationIsVisible = 0;
			defaultConfigurationName = Release;
		};
		D135464628563D2900154D16 /* Build configuration list for PBXNativeTarget "OtusIOSHW1" */ = {
			isa = XCConfigurationList;
			buildConfigurations = (
				D135464728563D2900154D16 /* Debug */,
				D135464828563D2900154D16 /* Release */,
			);
			defaultConfigurationIsVisible = 0;
			defaultConfigurationName = Release;
		};
/* End XCConfigurationList section */

/* Begin XCSwiftPackageProductDependency section */
		D13546602856462900154D16 /* UIComponents */ = {
			isa = XCSwiftPackageProductDependency;
			productName = UIComponents;
		};
/* End XCSwiftPackageProductDependency section */
	};
	rootObject = D135463028563D2700154D16 /* Project object */;
}
